
Microsoft Visual Studio Solution File, Format Version 12.00
# Visual Studio Version 16
VisualStudioVersion = 16.0.31205.134
MinimumVisualStudioVersion = 10.0.40219.1
Project("{FAE04EC0-301F-11D3-BF4B-00C04F79EFBC}") = "EmojiNote.Android", "EmojiNote\EmojiNote.Android\EmojiNote.Android.csproj", "{FB594D41-F9F3-4028-A972-BD3897407CDF}"
EndProject
Project("{FAE04EC0-301F-11D3-BF4B-00C04F79EFBC}") = "EmojiNote.iOS", "EmojiNote\EmojiNote.iOS\EmojiNote.iOS.csproj", "{560758E0-76E5-4C3C-9F16-EDF05CAC85DC}"
EndProject
Project("{FAE04EC0-301F-11D3-BF4B-00C04F79EFBC}") = "EmojiNote", "EmojiNote\EmojiNote\EmojiNote.csproj", "{7C251651-C6ED-49A5-8853-04C054404CE4}"
EndProject
Project("{FAE04EC0-301F-11D3-BF4B-00C04F79EFBC}") = "EmojiNote.Test", "EmojiNote.Test\EmojiNote.Test.csproj", "{057AF01C-E943-4658-94E0-07E7AF3A09F6}"
	ProjectSection(ProjectDependencies) = postProject
		{FB594D41-F9F3-4028-A972-BD3897407CDF} = {FB594D41-F9F3-4028-A972-BD3897407CDF}
	EndProjectSection
EndProject
Global
	GlobalSection(SolutionConfigurationPlatforms) = preSolution
		Debug|Any CPU = Debug|Any CPU
		Debug|iPhone = Debug|iPhone
		Debug|iPhoneSimulator = Debug|iPhoneSimulator
		Release|Any CPU = Release|Any CPU
		Release|iPhone = Release|iPhone
		Release|iPhoneSimulator = Release|iPhoneSimulator
	EndGlobalSection
	GlobalSection(ProjectConfigurationPlatforms) = postSolution
		{FB594D41-F9F3-4028-A972-BD3897407CDF}.Debug|Any CPU.ActiveCfg = Debug|Any CPU
		{FB594D41-F9F3-4028-A972-BD3897407CDF}.Debug|Any CPU.Build.0 = Debug|Any CPU
		{FB594D41-F9F3-4028-A972-BD3897407CDF}.Debug|Any CPU.Deploy.0 = Debug|Any CPU
		{FB594D41-F9F3-4028-A972-BD3897407CDF}.Debug|iPhone.ActiveCfg = Debug|Any CPU
		{FB594D41-F9F3-4028-A972-BD3897407CDF}.Debug|iPhone.Build.0 = Debug|Any CPU
		{FB594D41-F9F3-4028-A972-BD3897407CDF}.Debug|iPhone.Deploy.0 = Debug|Any CPU
		{FB594D41-F9F3-4028-A972-BD3897407CDF}.Debug|iPhoneSimulator.ActiveCfg = Debug|Any CPU
		{FB594D41-F9F3-4028-A972-BD3897407CDF}.Debug|iPhoneSimulator.Build.0 = Debug|Any CPU
		{FB594D41-F9F3-4028-A972-BD3897407CDF}.Debug|iPhoneSimulator.Deploy.0 = Debug|Any CPU
		{FB594D41-F9F3-4028-A972-BD3897407CDF}.Release|Any CPU.ActiveCfg = Release|Any CPU
		{FB594D41-F9F3-4028-A972-BD3897407CDF}.Release|Any CPU.Build.0 = Release|Any CPU
		{FB594D41-F9F3-4028-A972-BD3897407CDF}.Release|Any CPU.Deploy.0 = Release|Any CPU
		{FB594D41-F9F3-4028-A972-BD3897407CDF}.Release|iPhone.ActiveCfg = Release|Any CPU
		{FB594D41-F9F3-4028-A972-BD3897407CDF}.Release|iPhone.Build.0 = Release|Any CPU
		{FB594D41-F9F3-4028-A972-BD3897407CDF}.Release|iPhone.Deploy.0 = Release|Any CPU
		{FB594D41-F9F3-4028-A972-BD3897407CDF}.Release|iPhoneSimulator.ActiveCfg = Release|Any CPU
		{FB594D41-F9F3-4028-A972-BD3897407CDF}.Release|iPhoneSimulator.Build.0 = Release|Any CPU
		{FB594D41-F9F3-4028-A972-BD3897407CDF}.Release|iPhoneSimulator.Deploy.0 = Release|Any CPU
		{560758E0-76E5-4C3C-9F16-EDF05CAC85DC}.Debug|Any CPU.ActiveCfg = Debug|iPhone
		{560758E0-76E5-4C3C-9F16-EDF05CAC85DC}.Debug|Any CPU.Build.0 = Debug|iPhone
		{560758E0-76E5-4C3C-9F16-EDF05CAC85DC}.Debug|Any CPU.Deploy.0 = Debug|iPhone
		{560758E0-76E5-4C3C-9F16-EDF05CAC85DC}.Debug|iPhone.ActiveCfg = Debug|iPhone
		{560758E0-76E5-4C3C-9F16-EDF05CAC85DC}.Debug|iPhone.Build.0 = Debug|iPhone
		{560758E0-76E5-4C3C-9F16-EDF05CAC85DC}.Debug|iPhone.Deploy.0 = Debug|iPhone
		{560758E0-76E5-4C3C-9F16-EDF05CAC85DC}.Debug|iPhoneSimulator.ActiveCfg = Debug|iPhoneSimulator
		{560758E0-76E5-4C3C-9F16-EDF05CAC85DC}.Debug|iPhoneSimulator.Build.0 = Debug|iPhoneSimulator
		{560758E0-76E5-4C3C-9F16-EDF05CAC85DC}.Debug|iPhoneSimulator.Deploy.0 = Debug|iPhoneSimulator
		{560758E0-76E5-4C3C-9F16-EDF05CAC85DC}.Release|Any CPU.ActiveCfg = Release|iPhoneSimulator
		{560758E0-76E5-4C3C-9F16-EDF05CAC85DC}.Release|Any CPU.Build.0 = Release|iPhoneSimulator
		{560758E0-76E5-4C3C-9F16-EDF05CAC85DC}.Release|Any CPU.Deploy.0 = Release|iPhoneSimulator
		{560758E0-76E5-4C3C-9F16-EDF05CAC85DC}.Release|iPhone.ActiveCfg = Release|iPhone
		{560758E0-76E5-4C3C-9F16-EDF05CAC85DC}.Release|iPhone.Build.0 = Release|iPhone
		{560758E0-76E5-4C3C-9F16-EDF05CAC85DC}.Release|iPhone.Deploy.0 = Release|iPhone
		{560758E0-76E5-4C3C-9F16-EDF05CAC85DC}.Release|iPhoneSimulator.ActiveCfg = Release|iPhoneSimulator
		{560758E0-76E5-4C3C-9F16-EDF05CAC85DC}.Release|iPhoneSimulator.Build.0 = Release|iPhoneSimulator
		{560758E0-76E5-4C3C-9F16-EDF05CAC85DC}.Release|iPhoneSimulator.Deploy.0 = Release|iPhoneSimulator
		{7C251651-C6ED-49A5-8853-04C054404CE4}.Debug|Any CPU.ActiveCfg = Debug|Any CPU
		{7C251651-C6ED-49A5-8853-04C054404CE4}.Debug|Any CPU.Build.0 = Debug|Any CPU
		{7C251651-C6ED-49A5-8853-04C054404CE4}.Debug|Any CPU.Deploy.0 = Debug|Any CPU
		{7C251651-C6ED-49A5-8853-04C054404CE4}.Debug|iPhone.ActiveCfg = Debug|Any CPU
		{7C251651-C6ED-49A5-8853-04C054404CE4}.Debug|iPhone.Build.0 = Debug|Any CPU
		{7C251651-C6ED-49A5-8853-04C054404CE4}.Debug|iPhone.Deploy.0 = Debug|Any CPU
		{7C251651-C6ED-49A5-8853-04C054404CE4}.Debug|iPhoneSimulator.ActiveCfg = Debug|Any CPU
		{7C251651-C6ED-49A5-8853-04C054404CE4}.Debug|iPhoneSimulator.Build.0 = Debug|Any CPU
		{7C251651-C6ED-49A5-8853-04C054404CE4}.Debug|iPhoneSimulator.Deploy.0 = Debug|Any CPU
		{7C251651-C6ED-49A5-8853-04C054404CE4}.Release|Any CPU.ActiveCfg = Release|Any CPU
		{7C251651-C6ED-49A5-8853-04C054404CE4}.Release|Any CPU.Build.0 = Release|Any CPU
		{7C251651-C6ED-49A5-8853-04C054404CE4}.Release|Any CPU.Deploy.0 = Release|Any CPU
		{7C251651-C6ED-49A5-8853-04C054404CE4}.Release|iPhone.ActiveCfg = Release|Any CPU
		{7C251651-C6ED-49A5-8853-04C054404CE4}.Release|iPhone.Build.0 = Release|Any CPU
		{7C251651-C6ED-49A5-8853-04C054404CE4}.Release|iPhone.Deploy.0 = Release|Any CPU
		{7C251651-C6ED-49A5-8853-04C054404CE4}.Release|iPhoneSimulator.ActiveCfg = Release|Any CPU
		{7C251651-C6ED-49A5-8853-04C054404CE4}.Release|iPhoneSimulator.Build.0 = Release|Any CPU
		{7C251651-C6ED-49A5-8853-04C054404CE4}.Release|iPhoneSimulator.Deploy.0 = Release|Any CPU
		{057AF01C-E943-4658-94E0-07E7AF3A09F6}.Debug|Any CPU.ActiveCfg = Debug|Any CPU
		{057AF01C-E943-4658-94E0-07E7AF3A09F6}.Debug|Any CPU.Build.0 = Debug|Any CPU
		{057AF01C-E943-4658-94E0-07E7AF3A09F6}.Debug|iPhone.ActiveCfg = Debug|Any CPU
		{057AF01C-E943-4658-94E0-07E7AF3A09F6}.Debug|iPhone.Build.0 = Debug|Any CPU
		{057AF01C-E943-4658-94E0-07E7AF3A09F6}.Debug|iPhoneSimulator.ActiveCfg = Debug|Any CPU
		{057AF01C-E943-4658-94E0-07E7AF3A09F6}.Debug|iPhoneSimulator.Build.0 = Debug|Any CPU
		{057AF01C-E943-4658-94E0-07E7AF3A09F6}.Release|Any CPU.ActiveCfg = Release|Any CPU
		{057AF01C-E943-4658-94E0-07E7AF3A09F6}.Release|Any CPU.Build.0 = Release|Any CPU
		{057AF01C-E943-4658-94E0-07E7AF3A09F6}.Release|iPhone.ActiveCfg = Release|Any CPU
		{057AF01C-E943-4658-94E0-07E7AF3A09F6}.Release|iPhone.Build.0 = Release|Any CPU
		{057AF01C-E943-4658-94E0-07E7AF3A09F6}.Release|iPhoneSimulator.ActiveCfg = Release|Any CPU
		{057AF01C-E943-4658-94E0-07E7AF3A09F6}.Release|iPhoneSimulator.Build.0 = Release|Any CPU
	EndGlobalSection
	GlobalSection(SolutionProperties) = preSolution
		HideSolutionNode = FALSE
	EndGlobalSection
	GlobalSection(ExtensibilityGlobals) = postSolution
		SolutionGuid = {50A19267-B2E2-4494-88C9-1E8C4D866111}
	EndGlobalSection
EndGlobal
